
Microsoft Visual Studio Solution File, Format Version 12.00
# Visual Studio Version 17
VisualStudioVersion = 17.5.002.0
MinimumVisualStudioVersion = 10.0.40219.1
Project("{9A19103F-16F7-4668-BE54-9A1E7A4F7556}") = "TodoApi", "TodoApi.csproj", "{AB1CDDC7-42FD-4F00-A117-B92C9B7FD9BA}"
EndProject
Global
	GlobalSection(SolutionConfigurationPlatforms) = preSolution
		Debug|Any CPU = Debug|Any CPU
		Release|Any CPU = Release|Any CPU
	EndGlobalSection
	GlobalSection(ProjectConfigurationPlatforms) = postSolution
		{AB1CDDC7-42FD-4F00-A117-B92C9B7FD9BA}.Debug|Any CPU.ActiveCfg = Debug|Any CPU
		{AB1CDDC7-42FD-4F00-A117-B92C9B7FD9BA}.Debug|Any CPU.Build.0 = Debug|Any CPU
		{AB1CDDC7-42FD-4F00-A117-B92C9B7FD9BA}.Release|Any CPU.ActiveCfg = Release|Any CPU
		{AB1CDDC7-42FD-4F00-A117-B92C9B7FD9BA}.Release|Any CPU.Build.0 = Release|Any CPU
	EndGlobalSection
	GlobalSection(SolutionProperties) = preSolution
		HideSolutionNode = FALSE
	EndGlobalSection
	GlobalSection(ExtensibilityGlobals) = postSolution
		SolutionGuid = {59425BC5-A0CB-427F-AC63-1EDDF4C3DF44}
	EndGlobalSection
EndGlobal
